// !$*UTF8*$!
{
	archiveVersion = 1;
	classes = {
	};
	objectVersion = 46;
	objects = {

/* Begin PBXAggregateTarget section */
		4A106DF1A5C54BADBE019F7D /* ZERO_CHECK */ = {
			isa = PBXAggregateTarget;
			buildConfigurationList = 8AE1343F785449C88CA8CDCC /* Build configuration list for PBXAggregateTarget "ZERO_CHECK" */;
			buildPhases = (
				46FC0C986BFF6B678C419869 /* Generate CMakeFiles/ZERO_CHECK */,
			);
			dependencies = (
			);
			name = ZERO_CHECK;
			productName = ZERO_CHECK;
		};
		74774FC38B7340909F0079F8 /* ALL_BUILD */ = {
			isa = PBXAggregateTarget;
			buildConfigurationList = 79E9A7721BBF4F12909B17B4 /* Build configuration list for PBXAggregateTarget "ALL_BUILD" */;
			buildPhases = (
				3532682477E53C7B894E8021 /* Generate CMakeFiles/ALL_BUILD */,
			);
			dependencies = (
				E509EBFB75C34AFF821A3C77 /* PBXTargetDependency */,
				38062DE88D3D47F89C703107 /* PBXTargetDependency */,
			);
			name = ALL_BUILD;
			productName = ALL_BUILD;
		};
/* End PBXAggregateTarget section */

/* Begin PBXBuildFile section */
		160171299D434FCC8EF83021 /* /Users/rohitkrishnan/CLionProjects/HomeCamRecorder/CMakeLists.txt */ = {isa = PBXBuildFile; fileRef = 2FF9F81F96EB4F42B28C80E0 /* /Users/rohitkrishnan/CLionProjects/HomeCamRecorder/CMakeLists.txt */; };
		17CCE3491C854336B26781E7 /* /Users/rohitkrishnan/CLionProjects/HomeCamRecorder/MotionDetector.h */ = {isa = PBXBuildFile; fileRef = FF8E53069CF74FB493E2119C /* /Users/rohitkrishnan/CLionProjects/HomeCamRecorder/MotionDetector.h */; };
		1A4BC25E7EA441DFB00D8F1C /* /Users/rohitkrishnan/CLionProjects/HomeCamRecorder/Muxer.h */ = {isa = PBXBuildFile; fileRef = 44A8A95E058647B2938622DD /* /Users/rohitkrishnan/CLionProjects/HomeCamRecorder/Muxer.h */; };
		585DFE85334945D89DD548E8 /* /Users/rohitkrishnan/CLionProjects/HomeCamRecorder/twilio.cpp */ = {isa = PBXBuildFile; fileRef = 8A598C3FC6D4459FA9876E93 /* /Users/rohitkrishnan/CLionProjects/HomeCamRecorder/twilio.cpp */; };
		692EBBC144004B17AFBDDB07 /* /Users/rohitkrishnan/CLionProjects/HomeCamRecorder/type_conversion.h */ = {isa = PBXBuildFile; fileRef = 2FF58591F81240E6AE28EB9F /* /Users/rohitkrishnan/CLionProjects/HomeCamRecorder/type_conversion.h */; };
		6C8473F5B6AF4ECEB8695664 /* /Users/rohitkrishnan/CLionProjects/HomeCamRecorder/RotatingFileMuxer.cpp */ = {isa = PBXBuildFile; fileRef = 474424B5955448B68D50F3FD /* /Users/rohitkrishnan/CLionProjects/HomeCamRecorder/RotatingFileMuxer.cpp */; };
		84D5D1DE19E74189B60628C6 /* /Users/rohitkrishnan/CLionProjects/HomeCamRecorder/MotionDetector.cpp */ = {isa = PBXBuildFile; fileRef = 37B1BAD9F4D9481E967F39BE /* /Users/rohitkrishnan/CLionProjects/HomeCamRecorder/MotionDetector.cpp */; };
		8E99A2B2AEAD45F7AE944A7C /* /Users/rohitkrishnan/CLionProjects/HomeCamRecorder/twilio.h */ = {isa = PBXBuildFile; fileRef = 06F8AA1E0CED4961946D4423 /* /Users/rohitkrishnan/CLionProjects/HomeCamRecorder/twilio.h */; };
		910684BBCBF54E55A91CB9F9 /* /Users/rohitkrishnan/CLionProjects/HomeCamRecorder/main.cpp */ = {isa = PBXBuildFile; fileRef = A480FB71BE1F4DA5B00D19F5 /* /Users/rohitkrishnan/CLionProjects/HomeCamRecorder/main.cpp */; };
		D3C3DF509ECC4131BB3F3BC7 /* /Users/rohitkrishnan/CLionProjects/HomeCamRecorder/SummaryGenerator.h */ = {isa = PBXBuildFile; fileRef = A009346B020C498A9DD71B27 /* /Users/rohitkrishnan/CLionProjects/HomeCamRecorder/SummaryGenerator.h */; };
		DEE90E00479A4A468F85265B /* /Users/rohitkrishnan/CLionProjects/HomeCamRecorder/FLVMuxer.cpp */ = {isa = PBXBuildFile; fileRef = 4DB4F8B131B94E059C14AB90 /* /Users/rohitkrishnan/CLionProjects/HomeCamRecorder/FLVMuxer.cpp */; };
		F0CDE46A20FA4E6A90E27C9B /* /Users/rohitkrishnan/CLionProjects/HomeCamRecorder/SummaryGenerator.cpp */ = {isa = PBXBuildFile; fileRef = BD6DBEA7766F4B7BAD633642 /* /Users/rohitkrishnan/CLionProjects/HomeCamRecorder/SummaryGenerator.cpp */; };
/* End PBXBuildFile section */

/* Begin PBXBuildStyle section */
		1E315114A6144637B316AECE /* MinSizeRel */ = {
			isa = PBXBuildStyle;
			buildSettings = {
				COPY_PHASE_STRIP = NO;
			};
			name = MinSizeRel;
		};
		3BF61BA0F1134B439CB3D95A /* RelWithDebInfo */ = {
			isa = PBXBuildStyle;
			buildSettings = {
				COPY_PHASE_STRIP = NO;
			};
			name = RelWithDebInfo;
		};
		4EE03065C7DE4826B2689CE3 /* Debug */ = {
			isa = PBXBuildStyle;
			buildSettings = {
				COPY_PHASE_STRIP = NO;
			};
			name = Debug;
		};
		9C4C6DC848744CC1A5922D8D /* Release */ = {
			isa = PBXBuildStyle;
			buildSettings = {
				COPY_PHASE_STRIP = NO;
			};
			name = Release;
		};
/* End PBXBuildStyle section */

/* Begin PBXContainerItemProxy section */
		5E893545267A4E7CA64070A3 /* PBXContainerItemProxy */ = {
			isa = PBXContainerItemProxy;
			containerPortal = 8FF3A59E5CA347E788D92C50 /* Project object */;
			proxyType = 1;
			remoteGlobalIDString = BD375559A2064A1F990862A9;
			remoteInfo = HomeCamRecorder;
		};
		8709B6F9B1974BFFA34F0557 /* PBXContainerItemProxy */ = {
			isa = PBXContainerItemProxy;
			containerPortal = 8FF3A59E5CA347E788D92C50 /* Project object */;
			proxyType = 1;
			remoteGlobalIDString = 4A106DF1A5C54BADBE019F7D;
			remoteInfo = ZERO_CHECK;
		};
		B514182137044F01A6407F07 /* PBXContainerItemProxy */ = {
			isa = PBXContainerItemProxy;
			containerPortal = 8FF3A59E5CA347E788D92C50 /* Project object */;
			proxyType = 1;
			remoteGlobalIDString = 4A106DF1A5C54BADBE019F7D;
			remoteInfo = ZERO_CHECK;
		};
/* End PBXContainerItemProxy section */

/* Begin PBXFileReference section */
		06F8AA1E0CED4961946D4423 /* /Users/rohitkrishnan/CLionProjects/HomeCamRecorder/twilio.h */ = {isa = PBXFileReference; explicitFileType = sourcecode.c.h; fileEncoding = 4; name = twilio.h; path = twilio.h; sourceTree = SOURCE_ROOT; };
		0A602D49D76443C9B9BDA3E3 /* HomeCamRecorder */ = {isa = PBXFileReference; explicitFileType = "compiled.mach-o.executable"; path = HomeCamRecorder; sourceTree = BUILT_PRODUCTS_DIR; };
		2FF58591F81240E6AE28EB9F /* /Users/rohitkrishnan/CLionProjects/HomeCamRecorder/type_conversion.h */ = {isa = PBXFileReference; explicitFileType = sourcecode.c.h; fileEncoding = 4; name = type_conversion.h; path = type_conversion.h; sourceTree = SOURCE_ROOT; };
		2FF9F81F96EB4F42B28C80E0 /* /Users/rohitkrishnan/CLionProjects/HomeCamRecorder/CMakeLists.txt */ = {isa = PBXFileReference; explicitFileType = sourcecode.text; fileEncoding = 4; name = CMakeLists.txt; path = CMakeLists.txt; sourceTree = SOURCE_ROOT; };
		37B1BAD9F4D9481E967F39BE /* /Users/rohitkrishnan/CLionProjects/HomeCamRecorder/MotionDetector.cpp */ = {isa = PBXFileReference; explicitFileType = sourcecode.cpp.cpp; fileEncoding = 4; name = MotionDetector.cpp; path = MotionDetector.cpp; sourceTree = SOURCE_ROOT; };
		44A8A95E058647B2938622DD /* /Users/rohitkrishnan/CLionProjects/HomeCamRecorder/Muxer.h */ = {isa = PBXFileReference; explicitFileType = sourcecode.c.h; fileEncoding = 4; name = Muxer.h; path = Muxer.h; sourceTree = SOURCE_ROOT; };
		474424B5955448B68D50F3FD /* /Users/rohitkrishnan/CLionProjects/HomeCamRecorder/RotatingFileMuxer.cpp */ = {isa = PBXFileReference; explicitFileType = sourcecode.cpp.cpp; fileEncoding = 4; name = RotatingFileMuxer.cpp; path = RotatingFileMuxer.cpp; sourceTree = SOURCE_ROOT; };
		4DB4F8B131B94E059C14AB90 /* /Users/rohitkrishnan/CLionProjects/HomeCamRecorder/FLVMuxer.cpp */ = {isa = PBXFileReference; explicitFileType = sourcecode.cpp.cpp; fileEncoding = 4; name = FLVMuxer.cpp; path = FLVMuxer.cpp; sourceTree = SOURCE_ROOT; };
		8A598C3FC6D4459FA9876E93 /* /Users/rohitkrishnan/CLionProjects/HomeCamRecorder/twilio.cpp */ = {isa = PBXFileReference; explicitFileType = sourcecode.cpp.cpp; fileEncoding = 4; name = twilio.cpp; path = twilio.cpp; sourceTree = SOURCE_ROOT; };
		8B1F389ECFCF401C8D8EE576 /* /Users/rohitkrishnan/CLionProjects/HomeCamRecorder/CMakeLists.txt */ = {isa = PBXFileReference; explicitFileType = sourcecode.text; fileEncoding = 4; name = CMakeLists.txt; path = CMakeLists.txt; sourceTree = SOURCE_ROOT; };
		A009346B020C498A9DD71B27 /* /Users/rohitkrishnan/CLionProjects/HomeCamRecorder/SummaryGenerator.h */ = {isa = PBXFileReference; explicitFileType = sourcecode.c.h; fileEncoding = 4; name = SummaryGenerator.h; path = SummaryGenerator.h; sourceTree = SOURCE_ROOT; };
		A480FB71BE1F4DA5B00D19F5 /* /Users/rohitkrishnan/CLionProjects/HomeCamRecorder/main.cpp */ = {isa = PBXFileReference; explicitFileType = sourcecode.cpp.cpp; fileEncoding = 4; name = main.cpp; path = main.cpp; sourceTree = SOURCE_ROOT; };
		BD6DBEA7766F4B7BAD633642 /* /Users/rohitkrishnan/CLionProjects/HomeCamRecorder/SummaryGenerator.cpp */ = {isa = PBXFileReference; explicitFileType = sourcecode.cpp.cpp; fileEncoding = 4; name = SummaryGenerator.cpp; path = SummaryGenerator.cpp; sourceTree = SOURCE_ROOT; };
		FF8E53069CF74FB493E2119C /* /Users/rohitkrishnan/CLionProjects/HomeCamRecorder/MotionDetector.h */ = {isa = PBXFileReference; explicitFileType = sourcecode.c.h; fileEncoding = 4; name = MotionDetector.h; path = MotionDetector.h; sourceTree = SOURCE_ROOT; };
/* End PBXFileReference section */

/* Begin PBXFrameworksBuildPhase section */
		0997EB31E022456CACBB38DF /* Frameworks */ = {
			isa = PBXFrameworksBuildPhase;
			buildActionMask = 2147483647;
			files = (
			);
			runOnlyForDeploymentPostprocessing = 0;
		};
/* End PBXFrameworksBuildPhase section */

/* Begin PBXGroup section */
		26DAD1468A284BC087A50D1D /* CMake Rules */ = {
			isa = PBXGroup;
			children = (
			);
			name = "CMake Rules";
			sourceTree = "<group>";
		};
		3597FE36BACA48DFA76A0E75 /* Products */ = {
			isa = PBXGroup;
			children = (
				0A602D49D76443C9B9BDA3E3 /* HomeCamRecorder */,
			);
			name = Products;
			sourceTree = "<group>";
		};
		62B43ACFD8294D6482F8137D /* Header Files */ = {
			isa = PBXGroup;
			children = (
				FF8E53069CF74FB493E2119C /* /Users/rohitkrishnan/CLionProjects/HomeCamRecorder/MotionDetector.h */,
				44A8A95E058647B2938622DD /* /Users/rohitkrishnan/CLionProjects/HomeCamRecorder/Muxer.h */,
				A009346B020C498A9DD71B27 /* /Users/rohitkrishnan/CLionProjects/HomeCamRecorder/SummaryGenerator.h */,
				06F8AA1E0CED4961946D4423 /* /Users/rohitkrishnan/CLionProjects/HomeCamRecorder/twilio.h */,
				2FF58591F81240E6AE28EB9F /* /Users/rohitkrishnan/CLionProjects/HomeCamRecorder/type_conversion.h */,
			);
			name = "Header Files";
			sourceTree = "<group>";
		};
		80182CC8B7894E4885739428 /* Source Files */ = {
			isa = PBXGroup;
			children = (
				4DB4F8B131B94E059C14AB90 /* /Users/rohitkrishnan/CLionProjects/HomeCamRecorder/FLVMuxer.cpp */,
				37B1BAD9F4D9481E967F39BE /* /Users/rohitkrishnan/CLionProjects/HomeCamRecorder/MotionDetector.cpp */,
				474424B5955448B68D50F3FD /* /Users/rohitkrishnan/CLionProjects/HomeCamRecorder/RotatingFileMuxer.cpp */,
				BD6DBEA7766F4B7BAD633642 /* /Users/rohitkrishnan/CLionProjects/HomeCamRecorder/SummaryGenerator.cpp */,
				A480FB71BE1F4DA5B00D19F5 /* /Users/rohitkrishnan/CLionProjects/HomeCamRecorder/main.cpp */,
				8A598C3FC6D4459FA9876E93 /* /Users/rohitkrishnan/CLionProjects/HomeCamRecorder/twilio.cpp */,
			);
			name = "Source Files";
			sourceTree = "<group>";
		};
		A747D626A4834408882DF675 = {
			isa = PBXGroup;
			children = (
				BDCEA4C3F73E4D61AE8AA4CB /* HomeCamRecorder */,
				C960A1254CB74FC59069B06E /* ALL_BUILD */,
				3597FE36BACA48DFA76A0E75 /* Products */,
				D1EF537966C64793A659EC32 /* Frameworks */,
			);
			sourceTree = "<group>";
		};
		BDCEA4C3F73E4D61AE8AA4CB /* HomeCamRecorder */ = {
			isa = PBXGroup;
			children = (
				80182CC8B7894E4885739428 /* Source Files */,
				62B43ACFD8294D6482F8137D /* Header Files */,
				2FF9F81F96EB4F42B28C80E0 /* /Users/rohitkrishnan/CLionProjects/HomeCamRecorder/CMakeLists.txt */,
			);
			name = HomeCamRecorder;
			sourceTree = "<group>";
		};
		C960A1254CB74FC59069B06E /* ALL_BUILD */ = {
			isa = PBXGroup;
			children = (
				26DAD1468A284BC087A50D1D /* CMake Rules */,
				8B1F389ECFCF401C8D8EE576 /* /Users/rohitkrishnan/CLionProjects/HomeCamRecorder/CMakeLists.txt */,
			);
			name = ALL_BUILD;
			sourceTree = "<group>";
		};
		D1EF537966C64793A659EC32 /* Frameworks */ = {
			isa = PBXGroup;
			children = (
			);
			name = Frameworks;
			sourceTree = "<group>";
		};
/* End PBXGroup section */

/* Begin PBXNativeTarget section */
		BD375559A2064A1F990862A9 /* HomeCamRecorder */ = {
			isa = PBXNativeTarget;
			buildConfigurationList = F5D7EA58F0A949DDB0DBCFF5 /* Build configuration list for PBXNativeTarget "HomeCamRecorder" */;
			buildPhases = (
				8E5568F21ABB4F5EA63FFA2A /* Sources */,
				0997EB31E022456CACBB38DF /* Frameworks */,
			);
			buildRules = (
			);
			dependencies = (
				87F3EC8B67C94431804BF9F3 /* PBXTargetDependency */,
			);
			name = HomeCamRecorder;
			productName = HomeCamRecorder;
			productReference = 0A602D49D76443C9B9BDA3E3 /* HomeCamRecorder */;
			productType = "com.apple.product-type.tool";
		};
/* End PBXNativeTarget section */

/* Begin PBXProject section */
		8FF3A59E5CA347E788D92C50 /* Project object */ = {
			isa = PBXProject;
			attributes = {
				BuildIndependentTargetsInParallel = YES;
				LastUpgradeCheck = 1320;
			};
			buildConfigurationList = 8BFC94B256F246A29D024166 /* Build configuration list for PBXProject "HomeCamRecorder" */;
			buildSettings = {
			};
			buildStyles = (
				4EE03065C7DE4826B2689CE3 /* Debug */,
				9C4C6DC848744CC1A5922D8D /* Release */,
				1E315114A6144637B316AECE /* MinSizeRel */,
				3BF61BA0F1134B439CB3D95A /* RelWithDebInfo */,
			);
			compatibilityVersion = "Xcode 3.2";
			hasScannedForEncodings = 0;
			mainGroup = A747D626A4834408882DF675;
			projectDirPath = .;
			projectRoot = "";
			targets = (
				74774FC38B7340909F0079F8 /* ALL_BUILD */,
				BD375559A2064A1F990862A9 /* HomeCamRecorder */,
				4A106DF1A5C54BADBE019F7D /* ZERO_CHECK */,
			);
		};
/* End PBXProject section */

/* Begin PBXShellScriptBuildPhase section */
		3532682477E53C7B894E8021 /* Generate CMakeFiles/ALL_BUILD */ = {
			isa = PBXShellScriptBuildPhase;
			alwaysOutOfDate = 1;
			buildActionMask = 2147483647;
			files = (
			);
			inputPaths = (
			);
			name = "Generate CMakeFiles/ALL_BUILD";
			outputPaths = (
/Users/rohitkrishnan/CLionProjects/HomeCamRecorder/CMakeFiles/ALL_BUILD			);
			runOnlyForDeploymentPostprocessing = 0;
			shellPath = /bin/sh;
			shellScript = "set -e
if test \"$CONFIGURATION\" = \"Debug\"; then :
  cd /Users/rohitkrishnan/CLionProjects/HomeCamRecorder
  echo Build\\ all\\ projects
fi
if test \"$CONFIGURATION\" = \"Release\"; then :
  cd /Users/rohitkrishnan/CLionProjects/HomeCamRecorder
  echo Build\\ all\\ projects
fi
if test \"$CONFIGURATION\" = \"MinSizeRel\"; then :
  cd /Users/rohitkrishnan/CLionProjects/HomeCamRecorder
  echo Build\\ all\\ projects
fi
if test \"$CONFIGURATION\" = \"RelWithDebInfo\"; then :
  cd /Users/rohitkrishnan/CLionProjects/HomeCamRecorder
  echo Build\\ all\\ projects
fi
";
			showEnvVarsInLog = 0;
		};
		3C0110FC8322DE7E50886E21 = {
			isa = PBXShellScriptBuildPhase;
			buildActionMask = 2147483647;
			files = (
			);
			inputPaths = (
			);
			outputPaths = (
			);
			runOnlyForDeploymentPostprocessing = 0;
			shellPath = /bin/sh;
			shellScript = "# shell script goes here
exit 0";
			showEnvVarsInLog = 0;
		};
		46FC0C986BFF6B678C419869 /* Generate CMakeFiles/ZERO_CHECK */ = {
			isa = PBXShellScriptBuildPhase;
			alwaysOutOfDate = 1;
			buildActionMask = 2147483647;
			files = (
			);
			inputPaths = (
			);
			name = "Generate CMakeFiles/ZERO_CHECK";
			outputPaths = (
/Users/rohitkrishnan/CLionProjects/HomeCamRecorder/CMakeFiles/ZERO_CHECK			);
			runOnlyForDeploymentPostprocessing = 0;
			shellPath = /bin/sh;
			shellScript = "set -e
if test \"$CONFIGURATION\" = \"Debug\"; then :
  cd /Users/rohitkrishnan/CLionProjects/HomeCamRecorder
  make -f /Users/rohitkrishnan/CLionProjects/HomeCamRecorder/CMakeScripts/ReRunCMake.make
fi
if test \"$CONFIGURATION\" = \"Release\"; then :
  cd /Users/rohitkrishnan/CLionProjects/HomeCamRecorder
  make -f /Users/rohitkrishnan/CLionProjects/HomeCamRecorder/CMakeScripts/ReRunCMake.make
fi
if test \"$CONFIGURATION\" = \"MinSizeRel\"; then :
  cd /Users/rohitkrishnan/CLionProjects/HomeCamRecorder
  make -f /Users/rohitkrishnan/CLionProjects/HomeCamRecorder/CMakeScripts/ReRunCMake.make
fi
if test \"$CONFIGURATION\" = \"RelWithDebInfo\"; then :
  cd /Users/rohitkrishnan/CLionProjects/HomeCamRecorder
  make -f /Users/rohitkrishnan/CLionProjects/HomeCamRecorder/CMakeScripts/ReRunCMake.make
fi
";
			showEnvVarsInLog = 0;
		};
		9B50530E35CC49C82C2FACCF = {
			isa = PBXShellScriptBuildPhase;
			buildActionMask = 2147483647;
			files = (
			);
			inputPaths = (
			);
			outputPaths = (
			);
			runOnlyForDeploymentPostprocessing = 0;
			shellPath = /bin/sh;
			shellScript = "# shell script goes here
exit 0";
			showEnvVarsInLog = 0;
		};
/* End PBXShellScriptBuildPhase section */

/* Begin PBXSourcesBuildPhase section */
		8E5568F21ABB4F5EA63FFA2A /* Sources */ = {
			isa = PBXSourcesBuildPhase;
			buildActionMask = 2147483647;
			files = (
				DEE90E00479A4A468F85265B /* /Users/rohitkrishnan/CLionProjects/HomeCamRecorder/FLVMuxer.cpp */,
				84D5D1DE19E74189B60628C6 /* /Users/rohitkrishnan/CLionProjects/HomeCamRecorder/MotionDetector.cpp */,
				6C8473F5B6AF4ECEB8695664 /* /Users/rohitkrishnan/CLionProjects/HomeCamRecorder/RotatingFileMuxer.cpp */,
				F0CDE46A20FA4E6A90E27C9B /* /Users/rohitkrishnan/CLionProjects/HomeCamRecorder/SummaryGenerator.cpp */,
				910684BBCBF54E55A91CB9F9 /* /Users/rohitkrishnan/CLionProjects/HomeCamRecorder/main.cpp */,
				585DFE85334945D89DD548E8 /* /Users/rohitkrishnan/CLionProjects/HomeCamRecorder/twilio.cpp */,
			);
			runOnlyForDeploymentPostprocessing = 0;
		};
/* End PBXSourcesBuildPhase section */

/* Begin PBXTargetDependency section */
		38062DE88D3D47F89C703107 /* PBXTargetDependency */ = {
			isa = PBXTargetDependency;
			target = 4A106DF1A5C54BADBE019F7D /* ZERO_CHECK */;
			targetProxy = B514182137044F01A6407F07 /* PBXContainerItemProxy */;
		};
		87F3EC8B67C94431804BF9F3 /* PBXTargetDependency */ = {
			isa = PBXTargetDependency;
			target = 4A106DF1A5C54BADBE019F7D /* ZERO_CHECK */;
			targetProxy = 8709B6F9B1974BFFA34F0557 /* PBXContainerItemProxy */;
		};
		E509EBFB75C34AFF821A3C77 /* PBXTargetDependency */ = {
			isa = PBXTargetDependency;
			target = BD375559A2064A1F990862A9 /* HomeCamRecorder */;
			targetProxy = 5E893545267A4E7CA64070A3 /* PBXContainerItemProxy */;
		};
/* End PBXTargetDependency section */

/* Begin XCBuildConfiguration section */
		226C8BC5FE4943129BD22F7E /* RelWithDebInfo */ = {
			isa = XCBuildConfiguration;
			buildSettings = {
				COMBINE_HIDPI_IMAGES = YES;
				GCC_GENERATE_DEBUGGING_SYMBOLS = YES;
				GCC_INLINES_ARE_PRIVATE_EXTERN = NO;
				GCC_OPTIMIZATION_LEVEL = 0;
				GCC_PREPROCESSOR_DEFINITIONS = ("'CMAKE_INTDIR=\"$(CONFIGURATION)$(EFFECTIVE_PLATFORM_NAME)\"'","$(inherited)");
				GCC_SYMBOLS_PRIVATE_EXTERN = NO;
				INSTALL_PATH = "";
				OTHER_LDFLAGS = ("","$(inherited)");
				OTHER_REZFLAGS = "";
				PRODUCT_NAME = ALL_BUILD;
				SECTORDER_FLAGS = "";
				SYMROOT = /Users/rohitkrishnan/CLionProjects/HomeCamRecorder;
				USE_HEADERMAP = NO;
				WARNING_CFLAGS = ("$(inherited)");
			};
			name = RelWithDebInfo;
		};
		2A5D4521B2DB463BB66FE6F2 /* RelWithDebInfo */ = {
			isa = XCBuildConfiguration;
			buildSettings = {
				COMBINE_HIDPI_IMAGES = YES;
				EXECUTABLE_PREFIX = "";
				EXECUTABLE_SUFFIX = "";
				GCC_GENERATE_DEBUGGING_SYMBOLS = YES;
				GCC_INLINES_ARE_PRIVATE_EXTERN = NO;
				GCC_OPTIMIZATION_LEVEL = 2;
				GCC_PREPROCESSOR_DEFINITIONS = ("'CMAKE_INTDIR=\"$(CONFIGURATION)$(EFFECTIVE_PLATFORM_NAME)\"'","$(inherited)");
				GCC_SYMBOLS_PRIVATE_EXTERN = NO;
				HEADER_SEARCH_PATHS = (/usr/local/include,"$(inherited)");
				INSTALL_PATH = "";
				OTHER_CPLUSPLUSFLAGS = "-D__STDC_CONSTANT_MACROS        -DNDEBUG '-std=gnu++17' ";
				OTHER_LDFLAGS = (" -Wl,-search_paths_first -Wl,-headerpad_max_install_names",/usr/local/lib/libavformat.dylib,/usr/local/lib/libavcodec.dylib,/usr/local/lib/libavutil.dylib,/usr/local/lib/libavdevice.dylib,/usr/local/lib/libswresample.dylib,/Applications/Xcode.app/Contents/Developer/Platforms/MacOSX.platform/Developer/SDKs/MacOSX12.1.sdk/usr/lib/libm.tbd,/Applications/Xcode.app/Contents/Developer/Platforms/MacOSX.platform/Developer/SDKs/MacOSX12.1.sdk/usr/lib/libz.tbd,/Applications/Xcode.app/Contents/Developer/Platforms/MacOSX.platform/Developer/SDKs/MacOSX12.1.sdk/usr/lib/libpthread.tbd,/usr/local/lib/libx264.dylib,/usr/local/lib/libx265.dylib,/Applications/Xcode.app/Contents/Developer/Platforms/MacOSX.platform/Developer/SDKs/MacOSX12.1.sdk/usr/lib/libcurl.tbd,"$(inherited)");
				OTHER_REZFLAGS = "";
				PRODUCT_NAME = HomeCamRecorder;
				SECTORDER_FLAGS = "";
				SYMROOT = /Users/rohitkrishnan/CLionProjects/HomeCamRecorder;
				USE_HEADERMAP = NO;
				WARNING_CFLAGS = ("$(inherited)");
			};
			name = RelWithDebInfo;
		};
		33EE8D7B191E4F9BBB2193E5 /* RelWithDebInfo */ = {
			isa = XCBuildConfiguration;
			buildSettings = {
				COMBINE_HIDPI_IMAGES = YES;
				GCC_GENERATE_DEBUGGING_SYMBOLS = YES;
				GCC_INLINES_ARE_PRIVATE_EXTERN = NO;
				GCC_OPTIMIZATION_LEVEL = 0;
				GCC_PREPROCESSOR_DEFINITIONS = ("'CMAKE_INTDIR=\"$(CONFIGURATION)$(EFFECTIVE_PLATFORM_NAME)\"'","$(inherited)");
				GCC_SYMBOLS_PRIVATE_EXTERN = NO;
				INSTALL_PATH = "";
				OTHER_LDFLAGS = ("","$(inherited)");
				OTHER_REZFLAGS = "";
				PRODUCT_NAME = ZERO_CHECK;
				SECTORDER_FLAGS = "";
				SYMROOT = /Users/rohitkrishnan/CLionProjects/HomeCamRecorder;
				USE_HEADERMAP = NO;
				WARNING_CFLAGS = ("$(inherited)");
			};
			name = RelWithDebInfo;
		};
		3AD237081431474889093C64 /* Debug */ = {
			isa = XCBuildConfiguration;
			buildSettings = {
				COMBINE_HIDPI_IMAGES = YES;
				EXECUTABLE_PREFIX = "";
				EXECUTABLE_SUFFIX = "";
				GCC_GENERATE_DEBUGGING_SYMBOLS = YES;
				GCC_INLINES_ARE_PRIVATE_EXTERN = NO;
				GCC_OPTIMIZATION_LEVEL = 0;
				GCC_PREPROCESSOR_DEFINITIONS = ("'CMAKE_INTDIR=\"$(CONFIGURATION)$(EFFECTIVE_PLATFORM_NAME)\"'","$(inherited)");
				GCC_SYMBOLS_PRIVATE_EXTERN = NO;
				HEADER_SEARCH_PATHS = (/usr/local/include,"$(inherited)");
				INSTALL_PATH = "";
				OTHER_CPLUSPLUSFLAGS = "-D__STDC_CONSTANT_MACROS    '-std=gnu++17' ";
				OTHER_LDFLAGS = (" -Wl,-search_paths_first -Wl,-headerpad_max_install_names",/usr/local/lib/libavformat.dylib,/usr/local/lib/libavcodec.dylib,/usr/local/lib/libavutil.dylib,/usr/local/lib/libavdevice.dylib,/usr/local/lib/libswresample.dylib,/Applications/Xcode.app/Contents/Developer/Platforms/MacOSX.platform/Developer/SDKs/MacOSX12.1.sdk/usr/lib/libm.tbd,/Applications/Xcode.app/Contents/Developer/Platforms/MacOSX.platform/Developer/SDKs/MacOSX12.1.sdk/usr/lib/libz.tbd,/Applications/Xcode.app/Contents/Developer/Platforms/MacOSX.platform/Developer/SDKs/MacOSX12.1.sdk/usr/lib/libpthread.tbd,/usr/local/lib/libx264.dylib,/usr/local/lib/libx265.dylib,/Applications/Xcode.app/Contents/Developer/Platforms/MacOSX.platform/Developer/SDKs/MacOSX12.1.sdk/usr/lib/libcurl.tbd,"$(inherited)");
				OTHER_REZFLAGS = "";
				PRODUCT_NAME = HomeCamRecorder;
				SECTORDER_FLAGS = "";
				SYMROOT = /Users/rohitkrishnan/CLionProjects/HomeCamRecorder;
				USE_HEADERMAP = NO;
				WARNING_CFLAGS = ("$(inherited)");
			};
			name = Debug;
		};
		49896172029B45059AB76480 /* MinSizeRel */ = {
			isa = XCBuildConfiguration;
			buildSettings = {
				ARCHS = "$(NATIVE_ARCH_ACTUAL)";
				ONLY_ACTIVE_ARCH = YES;
				SDKROOT = /Applications/Xcode.app/Contents/Developer/Platforms/MacOSX.platform/Developer/SDKs/MacOSX12.1.sdk;
				SYMROOT = /Users/rohitkrishnan/CLionProjects/HomeCamRecorder/build;
			};
			name = MinSizeRel;
		};
		682E1D4DE2004303B7E58226 /* Debug */ = {
			isa = XCBuildConfiguration;
			buildSettings = {
				COMBINE_HIDPI_IMAGES = YES;
				GCC_GENERATE_DEBUGGING_SYMBOLS = YES;
				GCC_INLINES_ARE_PRIVATE_EXTERN = NO;
				GCC_OPTIMIZATION_LEVEL = 0;
				GCC_PREPROCESSOR_DEFINITIONS = ("'CMAKE_INTDIR=\"$(CONFIGURATION)$(EFFECTIVE_PLATFORM_NAME)\"'","$(inherited)");
				GCC_SYMBOLS_PRIVATE_EXTERN = NO;
				INSTALL_PATH = "";
				OTHER_LDFLAGS = ("","$(inherited)");
				OTHER_REZFLAGS = "";
				PRODUCT_NAME = ALL_BUILD;
				SECTORDER_FLAGS = "";
				SYMROOT = /Users/rohitkrishnan/CLionProjects/HomeCamRecorder;
				USE_HEADERMAP = NO;
				WARNING_CFLAGS = ("$(inherited)");
			};
			name = Debug;
		};
		71026FEC4D2E402189FADBCC /* Release */ = {
			isa = XCBuildConfiguration;
			buildSettings = {
				COMBINE_HIDPI_IMAGES = YES;
				GCC_GENERATE_DEBUGGING_SYMBOLS = YES;
				GCC_INLINES_ARE_PRIVATE_EXTERN = NO;
				GCC_OPTIMIZATION_LEVEL = 0;
				GCC_PREPROCESSOR_DEFINITIONS = ("'CMAKE_INTDIR=\"$(CONFIGURATION)$(EFFECTIVE_PLATFORM_NAME)\"'","$(inherited)");
				GCC_SYMBOLS_PRIVATE_EXTERN = NO;
				INSTALL_PATH = "";
				OTHER_LDFLAGS = ("","$(inherited)");
				OTHER_REZFLAGS = "";
				PRODUCT_NAME = ZERO_CHECK;
				SECTORDER_FLAGS = "";
				SYMROOT = /Users/rohitkrishnan/CLionProjects/HomeCamRecorder;
				USE_HEADERMAP = NO;
				WARNING_CFLAGS = ("$(inherited)");
			};
			name = Release;
		};
		735F0743C7524A9CB0831B3A /* Release */ = {
			isa = XCBuildConfiguration;
			buildSettings = {
				ARCHS = "$(NATIVE_ARCH_ACTUAL)";
				ONLY_ACTIVE_ARCH = YES;
				SDKROOT = /Applications/Xcode.app/Contents/Developer/Platforms/MacOSX.platform/Developer/SDKs/MacOSX12.1.sdk;
				SYMROOT = /Users/rohitkrishnan/CLionProjects/HomeCamRecorder/build;
			};
			name = Release;
		};
		84324811133E4DA6A5164898 /* Debug */ = {
			isa = XCBuildConfiguration;
			buildSettings = {
				ARCHS = "$(NATIVE_ARCH_ACTUAL)";
				ONLY_ACTIVE_ARCH = YES;
				SDKROOT = /Applications/Xcode.app/Contents/Developer/Platforms/MacOSX.platform/Developer/SDKs/MacOSX12.1.sdk;
				SYMROOT = /Users/rohitkrishnan/CLionProjects/HomeCamRecorder/build;
			};
			name = Debug;
		};
		88C5ECFA3B5644189A435081 /* MinSizeRel */ = {
			isa = XCBuildConfiguration;
			buildSettings = {
				COMBINE_HIDPI_IMAGES = YES;
				GCC_GENERATE_DEBUGGING_SYMBOLS = YES;
				GCC_INLINES_ARE_PRIVATE_EXTERN = NO;
				GCC_OPTIMIZATION_LEVEL = 0;
				GCC_PREPROCESSOR_DEFINITIONS = ("'CMAKE_INTDIR=\"$(CONFIGURATION)$(EFFECTIVE_PLATFORM_NAME)\"'","$(inherited)");
				GCC_SYMBOLS_PRIVATE_EXTERN = NO;
				INSTALL_PATH = "";
				OTHER_LDFLAGS = ("","$(inherited)");
				OTHER_REZFLAGS = "";
				PRODUCT_NAME = ZERO_CHECK;
				SECTORDER_FLAGS = "";
				SYMROOT = /Users/rohitkrishnan/CLionProjects/HomeCamRecorder;
				USE_HEADERMAP = NO;
				WARNING_CFLAGS = ("$(inherited)");
			};
			name = MinSizeRel;
		};
		A80F633322354FB181E58141 /* Release */ = {
			isa = XCBuildConfiguration;
			buildSettings = {
				COMBINE_HIDPI_IMAGES = YES;
				EXECUTABLE_PREFIX = "";
				EXECUTABLE_SUFFIX = "";
				GCC_GENERATE_DEBUGGING_SYMBOLS = NO;
				GCC_INLINES_ARE_PRIVATE_EXTERN = NO;
				GCC_OPTIMIZATION_LEVEL = 3;
				GCC_PREPROCESSOR_DEFINITIONS = ("'CMAKE_INTDIR=\"$(CONFIGURATION)$(EFFECTIVE_PLATFORM_NAME)\"'","$(inherited)");
				GCC_SYMBOLS_PRIVATE_EXTERN = NO;
				HEADER_SEARCH_PATHS = (/usr/local/include,"$(inherited)");
				INSTALL_PATH = "";
				OTHER_CPLUSPLUSFLAGS = "-D__STDC_CONSTANT_MACROS     -DNDEBUG '-std=gnu++17' ";
				OTHER_LDFLAGS = (" -Wl,-search_paths_first -Wl,-headerpad_max_install_names",/usr/local/lib/libavformat.dylib,/usr/local/lib/libavcodec.dylib,/usr/local/lib/libavutil.dylib,/usr/local/lib/libavdevice.dylib,/usr/local/lib/libswresample.dylib,/Applications/Xcode.app/Contents/Developer/Platforms/MacOSX.platform/Developer/SDKs/MacOSX12.1.sdk/usr/lib/libm.tbd,/Applications/Xcode.app/Contents/Developer/Platforms/MacOSX.platform/Developer/SDKs/MacOSX12.1.sdk/usr/lib/libz.tbd,/Applications/Xcode.app/Contents/Developer/Platforms/MacOSX.platform/Developer/SDKs/MacOSX12.1.sdk/usr/lib/libpthread.tbd,/usr/local/lib/libx264.dylib,/usr/local/lib/libx265.dylib,/Applications/Xcode.app/Contents/Developer/Platforms/MacOSX.platform/Developer/SDKs/MacOSX12.1.sdk/usr/lib/libcurl.tbd,"$(inherited)");
				OTHER_REZFLAGS = "";
				PRODUCT_NAME = HomeCamRecorder;
				SECTORDER_FLAGS = "";
				SYMROOT = /Users/rohitkrishnan/CLionProjects/HomeCamRecorder;
				USE_HEADERMAP = NO;
				WARNING_CFLAGS = ("$(inherited)");
			};
			name = Release;
		};
		AE91705464DF49C48A5F86ED /* Release */ = {
			isa = XCBuildConfiguration;
			buildSettings = {
				COMBINE_HIDPI_IMAGES = YES;
				GCC_GENERATE_DEBUGGING_SYMBOLS = YES;
				GCC_INLINES_ARE_PRIVATE_EXTERN = NO;
				GCC_OPTIMIZATION_LEVEL = 0;
				GCC_PREPROCESSOR_DEFINITIONS = ("'CMAKE_INTDIR=\"$(CONFIGURATION)$(EFFECTIVE_PLATFORM_NAME)\"'","$(inherited)");
				GCC_SYMBOLS_PRIVATE_EXTERN = NO;
				INSTALL_PATH = "";
				OTHER_LDFLAGS = ("","$(inherited)");
				OTHER_REZFLAGS = "";
				PRODUCT_NAME = ALL_BUILD;
				SECTORDER_FLAGS = "";
				SYMROOT = /Users/rohitkrishnan/CLionProjects/HomeCamRecorder;
				USE_HEADERMAP = NO;
				WARNING_CFLAGS = ("$(inherited)");
			};
			name = Release;
		};
		D2FAAAA758604A269DDCF080 /* MinSizeRel */ = {
			isa = XCBuildConfiguration;
			buildSettings = {
				COMBINE_HIDPI_IMAGES = YES;
				EXECUTABLE_PREFIX = "";
				EXECUTABLE_SUFFIX = "";
				GCC_GENERATE_DEBUGGING_SYMBOLS = NO;
				GCC_INLINES_ARE_PRIVATE_EXTERN = NO;
				GCC_OPTIMIZATION_LEVEL = s;
				GCC_PREPROCESSOR_DEFINITIONS = ("'CMAKE_INTDIR=\"$(CONFIGURATION)$(EFFECTIVE_PLATFORM_NAME)\"'","$(inherited)");
				GCC_SYMBOLS_PRIVATE_EXTERN = NO;
				HEADER_SEARCH_PATHS = (/usr/local/include,"$(inherited)");
				INSTALL_PATH = "";
				OTHER_CPLUSPLUSFLAGS = "-D__STDC_CONSTANT_MACROS     -DNDEBUG '-std=gnu++17' ";
				OTHER_LDFLAGS = (" -Wl,-search_paths_first -Wl,-headerpad_max_install_names",/usr/local/lib/libavformat.dylib,/usr/local/lib/libavcodec.dylib,/usr/local/lib/libavutil.dylib,/usr/local/lib/libavdevice.dylib,/usr/local/lib/libswresample.dylib,/Applications/Xcode.app/Contents/Developer/Platforms/MacOSX.platform/Developer/SDKs/MacOSX12.1.sdk/usr/lib/libm.tbd,/Applications/Xcode.app/Contents/Developer/Platforms/MacOSX.platform/Developer/SDKs/MacOSX12.1.sdk/usr/lib/libz.tbd,/Applications/Xcode.app/Contents/Developer/Platforms/MacOSX.platform/Developer/SDKs/MacOSX12.1.sdk/usr/lib/libpthread.tbd,/usr/local/lib/libx264.dylib,/usr/local/lib/libx265.dylib,/Applications/Xcode.app/Contents/Developer/Platforms/MacOSX.platform/Developer/SDKs/MacOSX12.1.sdk/usr/lib/libcurl.tbd,"$(inherited)");
				OTHER_REZFLAGS = "";
				PRODUCT_NAME = HomeCamRecorder;
				SECTORDER_FLAGS = "";
				SYMROOT = /Users/rohitkrishnan/CLionProjects/HomeCamRecorder;
				USE_HEADERMAP = NO;
				WARNING_CFLAGS = ("$(inherited)");
			};
			name = MinSizeRel;
		};
		DD4F0764ED3E48C68F3EFFD8 /* RelWithDebInfo */ = {
			isa = XCBuildConfiguration;
			buildSettings = {
				ARCHS = "$(NATIVE_ARCH_ACTUAL)";
				ONLY_ACTIVE_ARCH = YES;
				SDKROOT = /Applications/Xcode.app/Contents/Developer/Platforms/MacOSX.platform/Developer/SDKs/MacOSX12.1.sdk;
				SYMROOT = /Users/rohitkrishnan/CLionProjects/HomeCamRecorder/build;
			};
			name = RelWithDebInfo;
		};
		DF4CB79F799A45FFB3115D77 /* MinSizeRel */ = {
			isa = XCBuildConfiguration;
			buildSettings = {
				COMBINE_HIDPI_IMAGES = YES;
				GCC_GENERATE_DEBUGGING_SYMBOLS = YES;
				GCC_INLINES_ARE_PRIVATE_EXTERN = NO;
				GCC_OPTIMIZATION_LEVEL = 0;
				GCC_PREPROCESSOR_DEFINITIONS = ("'CMAKE_INTDIR=\"$(CONFIGURATION)$(EFFECTIVE_PLATFORM_NAME)\"'","$(inherited)");
				GCC_SYMBOLS_PRIVATE_EXTERN = NO;
				INSTALL_PATH = "";
				OTHER_LDFLAGS = ("","$(inherited)");
				OTHER_REZFLAGS = "";
				PRODUCT_NAME = ALL_BUILD;
				SECTORDER_FLAGS = "";
				SYMROOT = /Users/rohitkrishnan/CLionProjects/HomeCamRecorder;
				USE_HEADERMAP = NO;
				WARNING_CFLAGS = ("$(inherited)");
			};
			name = MinSizeRel;
		};
		F618F0DA744C4529A07C69D3 /* Debug */ = {
			isa = XCBuildConfiguration;
			buildSettings = {
				COMBINE_HIDPI_IMAGES = YES;
				GCC_GENERATE_DEBUGGING_SYMBOLS = YES;
				GCC_INLINES_ARE_PRIVATE_EXTERN = NO;
				GCC_OPTIMIZATION_LEVEL = 0;
				GCC_PREPROCESSOR_DEFINITIONS = ("'CMAKE_INTDIR=\"$(CONFIGURATION)$(EFFECTIVE_PLATFORM_NAME)\"'","$(inherited)");
				GCC_SYMBOLS_PRIVATE_EXTERN = NO;
				INSTALL_PATH = "";
				OTHER_LDFLAGS = ("","$(inherited)");
				OTHER_REZFLAGS = "";
				PRODUCT_NAME = ZERO_CHECK;
				SECTORDER_FLAGS = "";
				SYMROOT = /Users/rohitkrishnan/CLionProjects/HomeCamRecorder;
				USE_HEADERMAP = NO;
				WARNING_CFLAGS = ("$(inherited)");
			};
			name = Debug;
		};
/* End XCBuildConfiguration section */

/* Begin XCConfigurationList section */
		79E9A7721BBF4F12909B17B4 /* Build configuration list for PBXAggregateTarget "ALL_BUILD" */ = {
			isa = XCConfigurationList;
			buildConfigurations = (
				682E1D4DE2004303B7E58226 /* Debug */,
				AE91705464DF49C48A5F86ED /* Release */,
				DF4CB79F799A45FFB3115D77 /* MinSizeRel */,
				226C8BC5FE4943129BD22F7E /* RelWithDebInfo */,
			);
			defaultConfigurationIsVisible = 0;
			defaultConfigurationName = Debug;
		};
		8AE1343F785449C88CA8CDCC /* Build configuration list for PBXAggregateTarget "ZERO_CHECK" */ = {
			isa = XCConfigurationList;
			buildConfigurations = (
				F618F0DA744C4529A07C69D3 /* Debug */,
				71026FEC4D2E402189FADBCC /* Release */,
				88C5ECFA3B5644189A435081 /* MinSizeRel */,
				33EE8D7B191E4F9BBB2193E5 /* RelWithDebInfo */,
			);
			defaultConfigurationIsVisible = 0;
			defaultConfigurationName = Debug;
		};
		8BFC94B256F246A29D024166 /* Build configuration list for PBXProject "HomeCamRecorder" */ = {
			isa = XCConfigurationList;
			buildConfigurations = (
				84324811133E4DA6A5164898 /* Debug */,
				735F0743C7524A9CB0831B3A /* Release */,
				49896172029B45059AB76480 /* MinSizeRel */,
				DD4F0764ED3E48C68F3EFFD8 /* RelWithDebInfo */,
			);
			defaultConfigurationIsVisible = 0;
			defaultConfigurationName = Debug;
		};
		F5D7EA58F0A949DDB0DBCFF5 /* Build configuration list for PBXNativeTarget "HomeCamRecorder" */ = {
			isa = XCConfigurationList;
			buildConfigurations = (
				3AD237081431474889093C64 /* Debug */,
				A80F633322354FB181E58141 /* Release */,
				D2FAAAA758604A269DDCF080 /* MinSizeRel */,
				2A5D4521B2DB463BB66FE6F2 /* RelWithDebInfo */,
			);
			defaultConfigurationIsVisible = 0;
			defaultConfigurationName = Debug;
		};
/* End XCConfigurationList section */
	};
	rootObject = 8FF3A59E5CA347E788D92C50 /* Project object */;
}
